
Microsoft Visual Studio Solution File, Format Version 12.00
# Visual Studio 15
VisualStudioVersion = 15.0.28307.421
MinimumVisualStudioVersion = 10.0.40219.1
Project("{FAE04EC0-301F-11D3-BF4B-00C04F79EFBC}") = "Convertion", "Convertion\Convertion.csproj", "{A2AAB45A-B25A-49DD-A8DC-8ED9BFFA93FF}"
EndProject
Project("{FAE04EC0-301F-11D3-BF4B-00C04F79EFBC}") = "FistTest", "FistTest\FistTest.csproj", "{4998C326-5820-43C6-AE8D-050F5EBB0627}"
EndProject
Global
	GlobalSection(SolutionConfigurationPlatforms) = preSolution
		Debug|Any CPU = Debug|Any CPU
		Release|Any CPU = Release|Any CPU
	EndGlobalSection
	GlobalSection(ProjectConfigurationPlatforms) = postSolution
		{A2AAB45A-B25A-49DD-A8DC-8ED9BFFA93FF}.Debug|Any CPU.ActiveCfg = Debug|Any CPU
		{A2AAB45A-B25A-49DD-A8DC-8ED9BFFA93FF}.Debug|Any CPU.Build.0 = Debug|Any CPU
		{A2AAB45A-B25A-49DD-A8DC-8ED9BFFA93FF}.Release|Any CPU.ActiveCfg = Release|Any CPU
		{A2AAB45A-B25A-49DD-A8DC-8ED9BFFA93FF}.Release|Any CPU.Build.0 = Release|Any CPU
		{4998C326-5820-43C6-AE8D-050F5EBB0627}.Debug|Any CPU.ActiveCfg = Debug|Any CPU
		{4998C326-5820-43C6-AE8D-050F5EBB0627}.Debug|Any CPU.Build.0 = Debug|Any CPU
		{4998C326-5820-43C6-AE8D-050F5EBB0627}.Release|Any CPU.ActiveCfg = Release|Any CPU
		{4998C326-5820-43C6-AE8D-050F5EBB0627}.Release|Any CPU.Build.0 = Release|Any CPU
	EndGlobalSection
	GlobalSection(SolutionProperties) = preSolution
		HideSolutionNode = FALSE
	EndGlobalSection
	GlobalSection(ExtensibilityGlobals) = postSolution
		SolutionGuid = {0E429A00-E564-42DB-9880-D440C9112B2E}
	EndGlobalSection
EndGlobal
